
Microsoft Visual Studio Solution File, Format Version 12.00
# Visual Studio 15
VisualStudioVersion = 15.0.28307.136
MinimumVisualStudioVersion = 10.0.40219.1
Project("{FAE04EC0-301F-11D3-BF4B-00C04F79EFBC}") = "magnification csharp", "magnification csharp\magnification csharp.csproj", "{E0BF484E-934D-4A69-A27D-BC23FC249CC7}"
EndProject
Global
	GlobalSection(SolutionConfigurationPlatforms) = preSolution
		Debug|Any CPU = Debug|Any CPU
		Release|Any CPU = Release|Any CPU
	EndGlobalSection
	GlobalSection(ProjectConfigurationPlatforms) = postSolution
		{E0BF484E-934D-4A69-A27D-BC23FC249CC7}.Debug|Any CPU.ActiveCfg = Debug|Any CPU
		{E0BF484E-934D-4A69-A27D-BC23FC249CC7}.Debug|Any CPU.Build.0 = Debug|Any CPU
		{E0BF484E-934D-4A69-A27D-BC23FC249CC7}.Release|Any CPU.ActiveCfg = Release|Any CPU
		{E0BF484E-934D-4A69-A27D-BC23FC249CC7}.Release|Any CPU.Build.0 = Release|Any CPU
	EndGlobalSection
	GlobalSection(SolutionProperties) = preSolution
		HideSolutionNode = FALSE
	EndGlobalSection
	GlobalSection(ExtensibilityGlobals) = postSolution
		SolutionGuid = {5CDA4D32-2232-4C6D-8FAC-86A86B997749}
	EndGlobalSection
EndGlobal
